// !$*UTF8*$!
{
	archiveVersion = 1;
	classes = {
	};
	objectVersion = 56;
	objects = {

/* Begin PBXBuildFile section */
		073F6B612A30A26700DCF956 /* GreenGardenApp.swift in Sources */ = {isa = PBXBuildFile; fileRef = 073F6B602A30A26700DCF956 /* GreenGardenApp.swift */; };
		073F6B652A30A26900DCF956 /* Assets.xcassets in Resources */ = {isa = PBXBuildFile; fileRef = 073F6B642A30A26900DCF956 /* Assets.xcassets */; };
		073F6B682A30A26900DCF956 /* Preview Assets.xcassets in Resources */ = {isa = PBXBuildFile; fileRef = 073F6B672A30A26900DCF956 /* Preview Assets.xcassets */; };
		073F6B742A30A2DB00DCF956 /* Constants.swift in Sources */ = {isa = PBXBuildFile; fileRef = 073F6B732A30A2DB00DCF956 /* Constants.swift */; };
		073F6B762A30A3C800DCF956 /* Webservice.swift in Sources */ = {isa = PBXBuildFile; fileRef = 073F6B752A30A3C800DCF956 /* Webservice.swift */; };
		073F6B782A30A40F00DCF956 /* Vegetable.swift in Sources */ = {isa = PBXBuildFile; fileRef = 073F6B772A30A40F00DCF956 /* Vegetable.swift */; };
		073F6B7B2A30A6BA00DCF956 /* VegetableListViewModel.swift in Sources */ = {isa = PBXBuildFile; fileRef = 073F6B7A2A30A6BA00DCF956 /* VegetableListViewModel.swift */; };
		073F6B7D2A30A8B900DCF956 /* VegetableListScreen.swift in Sources */ = {isa = PBXBuildFile; fileRef = 073F6B7C2A30A8B900DCF956 /* VegetableListScreen.swift */; };
		073F6B822A30ACCD00DCF956 /* MainScreen.swift in Sources */ = {isa = PBXBuildFile; fileRef = 073F6B812A30ACCD00DCF956 /* MainScreen.swift */; };
		073F6B842A30B9D300DCF956 /* VegetableDetailScreen.swift in Sources */ = {isa = PBXBuildFile; fileRef = 073F6B832A30B9D300DCF956 /* VegetableDetailScreen.swift */; };
		073F6B872A32056F00DCF956 /* AboutUs.swift in Sources */ = {isa = PBXBuildFile; fileRef = 073F6B862A32056F00DCF956 /* AboutUs.swift */; };
		073F6B892A3206A800DCF956 /* TwoColumnView.swift in Sources */ = {isa = PBXBuildFile; fileRef = 073F6B882A3206A800DCF956 /* TwoColumnView.swift */; };
/* End PBXBuildFile section */

/* Begin PBXFileReference section */
		073F6B5D2A30A26700DCF956 /* GreenGarden.app */ = {isa = PBXFileReference; explicitFileType = wrapper.application; includeInIndex = 0; path = GreenGarden.app; sourceTree = BUILT_PRODUCTS_DIR; };
		073F6B602A30A26700DCF956 /* GreenGardenApp.swift */ = {isa = PBXFileReference; lastKnownFileType = sourcecode.swift; path = GreenGardenApp.swift; sourceTree = "<group>"; };
		073F6B642A30A26900DCF956 /* Assets.xcassets */ = {isa = PBXFileReference; lastKnownFileType = folder.assetcatalog; path = Assets.xcassets; sourceTree = "<group>"; };
		073F6B672A30A26900DCF956 /* Preview Assets.xcassets */ = {isa = PBXFileReference; lastKnownFileType = folder.assetcatalog; path = "Preview Assets.xcassets"; sourceTree = "<group>"; };
		073F6B732A30A2DB00DCF956 /* Constants.swift */ = {isa = PBXFileReference; lastKnownFileType = sourcecode.swift; path = Constants.swift; sourceTree = "<group>"; };
		073F6B752A30A3C800DCF956 /* Webservice.swift */ = {isa = PBXFileReference; lastKnownFileType = sourcecode.swift; path = Webservice.swift; sourceTree = "<group>"; };
		073F6B772A30A40F00DCF956 /* Vegetable.swift */ = {isa = PBXFileReference; lastKnownFileType = sourcecode.swift; path = Vegetable.swift; sourceTree = "<group>"; };
		073F6B792A30A63A00DCF956 /* Info.plist */ = {isa = PBXFileReference; lastKnownFileType = text.plist; path = Info.plist; sourceTree = "<group>"; };
		073F6B7A2A30A6BA00DCF956 /* VegetableListViewModel.swift */ = {isa = PBXFileReference; lastKnownFileType = sourcecode.swift; path = VegetableListViewModel.swift; sourceTree = "<group>"; };
		073F6B7C2A30A8B900DCF956 /* VegetableListScreen.swift */ = {isa = PBXFileReference; lastKnownFileType = sourcecode.swift; path = VegetableListScreen.swift; sourceTree = "<group>"; };
		073F6B812A30ACCD00DCF956 /* MainScreen.swift */ = {isa = PBXFileReference; lastKnownFileType = sourcecode.swift; path = MainScreen.swift; sourceTree = "<group>"; };
		073F6B832A30B9D300DCF956 /* VegetableDetailScreen.swift */ = {isa = PBXFileReference; lastKnownFileType = sourcecode.swift; path = VegetableDetailScreen.swift; sourceTree = "<group>"; };
		073F6B862A32056F00DCF956 /* AboutUs.swift */ = {isa = PBXFileReference; lastKnownFileType = sourcecode.swift; path = AboutUs.swift; sourceTree = "<group>"; };
		073F6B882A3206A800DCF956 /* TwoColumnView.swift */ = {isa = PBXFileReference; lastKnownFileType = sourcecode.swift; path = TwoColumnView.swift; sourceTree = "<group>"; };
/* End PBXFileReference section */

/* Begin PBXFrameworksBuildPhase section */
		073F6B5A2A30A26700DCF956 /* Frameworks */ = {
			isa = PBXFrameworksBuildPhase;
			buildActionMask = 2147483647;
			files = (
			);
			runOnlyForDeploymentPostprocessing = 0;
		};
/* End PBXFrameworksBuildPhase section */

/* Begin PBXGroup section */
		073F6B542A30A26700DCF956 = {
			isa = PBXGroup;
			children = (
				073F6B5F2A30A26700DCF956 /* GreenGarden */,
				073F6B5E2A30A26700DCF956 /* Products */,
			);
			sourceTree = "<group>";
		};
		073F6B5E2A30A26700DCF956 /* Products */ = {
			isa = PBXGroup;
			children = (
				073F6B5D2A30A26700DCF956 /* GreenGarden.app */,
			);
			name = Products;
			sourceTree = "<group>";
		};
		073F6B5F2A30A26700DCF956 /* GreenGarden */ = {
			isa = PBXGroup;
			children = (
				073F6B602A30A26700DCF956 /* GreenGardenApp.swift */,
				073F6B792A30A63A00DCF956 /* Info.plist */,
				073F6B6E2A30A2A000DCF956 /* Screens */,
				073F6B852A32056200DCF956 /* Views */,
				073F6B722A30A2BE00DCF956 /* Utils */,
				073F6B712A30A2AE00DCF956 /* ViewModels */,
				073F6B702A30A2A900DCF956 /* Models */,
				073F6B6F2A30A2A400DCF956 /* Services */,
				073F6B642A30A26900DCF956 /* Assets.xcassets */,
				073F6B662A30A26900DCF956 /* Preview Content */,
			);
			path = GreenGarden;
			sourceTree = "<group>";
		};
		073F6B662A30A26900DCF956 /* Preview Content */ = {
			isa = PBXGroup;
			children = (
				073F6B672A30A26900DCF956 /* Preview Assets.xcassets */,
			);
			path = "Preview Content";
			sourceTree = "<group>";
		};
		073F6B6E2A30A2A000DCF956 /* Screens */ = {
			isa = PBXGroup;
			children = (
				073F6B7C2A30A8B900DCF956 /* VegetableListScreen.swift */,
				073F6B812A30ACCD00DCF956 /* MainScreen.swift */,
				073F6B832A30B9D300DCF956 /* VegetableDetailScreen.swift */,
			);
			path = Screens;
			sourceTree = "<group>";
		};
		073F6B6F2A30A2A400DCF956 /* Services */ = {
			isa = PBXGroup;
			children = (
				073F6B752A30A3C800DCF956 /* Webservice.swift */,
			);
			path = Services;
			sourceTree = "<group>";
		};
		073F6B702A30A2A900DCF956 /* Models */ = {
			isa = PBXGroup;
			children = (
				073F6B772A30A40F00DCF956 /* Vegetable.swift */,
			);
			path = Models;
			sourceTree = "<group>";
		};
		073F6B712A30A2AE00DCF956 /* ViewModels */ = {
			isa = PBXGroup;
			children = (
				073F6B7A2A30A6BA00DCF956 /* VegetableListViewModel.swift */,
			);
			path = ViewModels;
			sourceTree = "<group>";
		};
		073F6B722A30A2BE00DCF956 /* Utils */ = {
			isa = PBXGroup;
			children = (
				073F6B732A30A2DB00DCF956 /* Constants.swift */,
			);
			path = Utils;
			sourceTree = "<group>";
		};
		073F6B852A32056200DCF956 /* Views */ = {
			isa = PBXGroup;
			children = (
				073F6B862A32056F00DCF956 /* AboutUs.swift */,
				073F6B882A3206A800DCF956 /* TwoColumnView.swift */,
			);
			path = Views;
			sourceTree = "<group>";
		};
/* End PBXGroup section */

/* Begin PBXNativeTarget section */
		073F6B5C2A30A26700DCF956 /* GreenGarden */ = {
			isa = PBXNativeTarget;
			buildConfigurationList = 073F6B6B2A30A26900DCF956 /* Build configuration list for PBXNativeTarget "GreenGarden" */;
			buildPhases = (
				073F6B592A30A26700DCF956 /* Sources */,
				073F6B5A2A30A26700DCF956 /* Frameworks */,
				073F6B5B2A30A26700DCF956 /* Resources */,
			);
			buildRules = (
			);
			dependencies = (
			);
			name = GreenGarden;
			productName = GreenGarden;
			productReference = 073F6B5D2A30A26700DCF956 /* GreenGarden.app */;
			productType = "com.apple.product-type.application";
		};
/* End PBXNativeTarget section */

/* Begin PBXProject section */
		073F6B552A30A26700DCF956 /* Project object */ = {
			isa = PBXProject;
			attributes = {
				BuildIndependentTargetsInParallel = 1;
				LastSwiftUpdateCheck = 1430;
				LastUpgradeCheck = 1430;
				TargetAttributes = {
					073F6B5C2A30A26700DCF956 = {
						CreatedOnToolsVersion = 14.3;
					};
				};
			};
			buildConfigurationList = 073F6B582A30A26700DCF956 /* Build configuration list for PBXProject "GreenGarden" */;
			compatibilityVersion = "Xcode 14.0";
			developmentRegion = en;
			hasScannedForEncodings = 0;
			knownRegions = (
				en,
				Base,
			);
			mainGroup = 073F6B542A30A26700DCF956;
			productRefGroup = 073F6B5E2A30A26700DCF956 /* Products */;
			projectDirPath = "";
			projectRoot = "";
			targets = (
				073F6B5C2A30A26700DCF956 /* GreenGarden */,
			);
		};
/* End PBXProject section */

/* Begin PBXResourcesBuildPhase section */
		073F6B5B2A30A26700DCF956 /* Resources */ = {
			isa = PBXResourcesBuildPhase;
			buildActionMask = 2147483647;
			files = (
				073F6B682A30A26900DCF956 /* Preview Assets.xcassets in Resources */,
				073F6B652A30A26900DCF956 /* Assets.xcassets in Resources */,
			);
			runOnlyForDeploymentPostprocessing = 0;
		};
/* End PBXResourcesBuildPhase section */

/* Begin PBXSourcesBuildPhase section */
		073F6B592A30A26700DCF956 /* Sources */ = {
			isa = PBXSourcesBuildPhase;
			buildActionMask = 2147483647;
			files = (
				073F6B842A30B9D300DCF956 /* VegetableDetailScreen.swift in Sources */,
				073F6B612A30A26700DCF956 /* GreenGardenApp.swift in Sources */,
				073F6B822A30ACCD00DCF956 /* MainScreen.swift in Sources */,
				073F6B872A32056F00DCF956 /* AboutUs.swift in Sources */,
				073F6B7D2A30A8B900DCF956 /* VegetableListScreen.swift in Sources */,
				073F6B892A3206A800DCF956 /* TwoColumnView.swift in Sources */,
				073F6B7B2A30A6BA00DCF956 /* VegetableListViewModel.swift in Sources */,
				073F6B782A30A40F00DCF956 /* Vegetable.swift in Sources */,
				073F6B762A30A3C800DCF956 /* Webservice.swift in Sources */,
				073F6B742A30A2DB00DCF956 /* Constants.swift in Sources */,
			);
			runOnlyForDeploymentPostprocessing = 0;
		};
/* End PBXSourcesBuildPhase section */

/* Begin XCBuildConfiguration section */
		073F6B692A30A26900DCF956 /* Debug */ = {
			isa = XCBuildConfiguration;
			buildSettings = {
				ALWAYS_SEARCH_USER_PATHS = NO;
				CLANG_ANALYZER_NONNULL = YES;
				CLANG_ANALYZER_NUMBER_OBJECT_CONVERSION = YES_AGGRESSIVE;
				CLANG_CXX_LANGUAGE_STANDARD = "gnu++20";
				CLANG_ENABLE_MODULES = YES;
				CLANG_ENABLE_OBJC_ARC = YES;
				CLANG_ENABLE_OBJC_WEAK = YES;
				CLANG_WARN_BLOCK_CAPTURE_AUTORELEASING = YES;
				CLANG_WARN_BOOL_CONVERSION = YES;
				CLANG_WARN_COMMA = YES;
				CLANG_WARN_CONSTANT_CONVERSION = YES;
				CLANG_WARN_DEPRECATED_OBJC_IMPLEMENTATIONS = YES;
				CLANG_WARN_DIRECT_OBJC_ISA_USAGE = YES_ERROR;
				CLANG_WARN_DOCUMENTATION_COMMENTS = YES;
				CLANG_WARN_EMPTY_BODY = YES;
				CLANG_WARN_ENUM_CONVERSION = YES;
				CLANG_WARN_INFINITE_RECURSION = YES;
				CLANG_WARN_INT_CONVERSION = YES;
				CLANG_WARN_NON_LITERAL_NULL_CONVERSION = YES;
				CLANG_WARN_OBJC_IMPLICIT_RETAIN_SELF = YES;
				CLANG_WARN_OBJC_LITERAL_CONVERSION = YES;
				CLANG_WARN_OBJC_ROOT_CLASS = YES_ERROR;
				CLANG_WARN_QUOTED_INCLUDE_IN_FRAMEWORK_HEADER = YES;
				CLANG_WARN_RANGE_LOOP_ANALYSIS = YES;
				CLANG_WARN_STRICT_PROTOTYPES = YES;
				CLANG_WARN_SUSPICIOUS_MOVE = YES;
				CLANG_WARN_UNGUARDED_AVAILABILITY = YES_AGGRESSIVE;
				CLANG_WARN_UNREACHABLE_CODE = YES;
				CLANG_WARN__DUPLICATE_METHOD_MATCH = YES;
				COPY_PHASE_STRIP = NO;
				DEBUG_INFORMATION_FORMAT = dwarf;
				ENABLE_STRICT_OBJC_MSGSEND = YES;
				ENABLE_TESTABILITY = YES;
				GCC_C_LANGUAGE_STANDARD = gnu11;
				GCC_DYNAMIC_NO_PIC = NO;
				GCC_NO_COMMON_BLOCKS = YES;
				GCC_OPTIMIZATION_LEVEL = 0;
				GCC_PREPROCESSOR_DEFINITIONS = (
					"DEBUG=1",
					"$(inherited)",
				);
				GCC_WARN_64_TO_32_BIT_CONVERSION = YES;
				GCC_WARN_ABOUT_RETURN_TYPE = YES_ERROR;
				GCC_WARN_UNDECLARED_SELECTOR = YES;
				GCC_WARN_UNINITIALIZED_AUTOS = YES_AGGRESSIVE;
				GCC_WARN_UNUSED_FUNCTION = YES;
				GCC_WARN_UNUSED_VARIABLE = YES;
				IPHONEOS_DEPLOYMENT_TARGET = 16.4;
				MTL_ENABLE_DEBUG_INFO = INCLUDE_SOURCE;
				MTL_FAST_MATH = YES;
				ONLY_ACTIVE_ARCH = YES;
				SDKROOT = iphoneos;
				SWIFT_ACTIVE_COMPILATION_CONDITIONS = DEBUG;
				SWIFT_OPTIMIZATION_LEVEL = "-Onone";
			};
			name = Debug;
		};
		073F6B6A2A30A26900DCF956 /* Release */ = {
			isa = XCBuildConfiguration;
			buildSettings = {
				ALWAYS_SEARCH_USER_PATHS = NO;
				CLANG_ANALYZER_NONNULL = YES;
				CLANG_ANALYZER_NUMBER_OBJECT_CONVERSION = YES_AGGRESSIVE;
				CLANG_CXX_LANGUAGE_STANDARD = "gnu++20";
				CLANG_ENABLE_MODULES = YES;
				CLANG_ENABLE_OBJC_ARC = YES;
				CLANG_ENABLE_OBJC_WEAK = YES;
				CLANG_WARN_BLOCK_CAPTURE_AUTORELEASING = YES;
				CLANG_WARN_BOOL_CONVERSION = YES;
				CLANG_WARN_COMMA = YES;
				CLANG_WARN_CONSTANT_CONVERSION = YES;
				CLANG_WARN_DEPRECATED_OBJC_IMPLEMENTATIONS = YES;
				CLANG_WARN_DIRECT_OBJC_ISA_USAGE = YES_ERROR;
				CLANG_WARN_DOCUMENTATION_COMMENTS = YES;
				CLANG_WARN_EMPTY_BODY = YES;
				CLANG_WARN_ENUM_CONVERSION = YES;
				CLANG_WARN_INFINITE_RECURSION = YES;
				CLANG_WARN_INT_CONVERSION = YES;
				CLANG_WARN_NON_LITERAL_NULL_CONVERSION = YES;
				CLANG_WARN_OBJC_IMPLICIT_RETAIN_SELF = YES;
				CLANG_WARN_OBJC_LITERAL_CONVERSION = YES;
				CLANG_WARN_OBJC_ROOT_CLASS = YES_ERROR;
				CLANG_WARN_QUOTED_INCLUDE_IN_FRAMEWORK_HEADER = YES;
				CLANG_WARN_RANGE_LOOP_ANALYSIS = YES;
				CLANG_WARN_STRICT_PROTOTYPES = YES;
				CLANG_WARN_SUSPICIOUS_MOVE = YES;
				CLANG_WARN_UNGUARDED_AVAILABILITY = YES_AGGRESSIVE;
				CLANG_WARN_UNREACHABLE_CODE = YES;
				CLANG_WARN__DUPLICATE_METHOD_MATCH = YES;
				COPY_PHASE_STRIP = NO;
				DEBUG_INFORMATION_FORMAT = "dwarf-with-dsym";
				ENABLE_NS_ASSERTIONS = NO;
				ENABLE_STRICT_OBJC_MSGSEND = YES;
				GCC_C_LANGUAGE_STANDARD = gnu11;
				GCC_NO_COMMON_BLOCKS = YES;
				GCC_WARN_64_TO_32_BIT_CONVERSION = YES;
				GCC_WARN_ABOUT_RETURN_TYPE = YES_ERROR;
				GCC_WARN_UNDECLARED_SELECTOR = YES;
				GCC_WARN_UNINITIALIZED_AUTOS = YES_AGGRESSIVE;
				GCC_WARN_UNUSED_FUNCTION = YES;
				GCC_WARN_UNUSED_VARIABLE = YES;
				IPHONEOS_DEPLOYMENT_TARGET = 16.4;
				MTL_ENABLE_DEBUG_INFO = NO;
				MTL_FAST_MATH = YES;
				SDKROOT = iphoneos;
				SWIFT_COMPILATION_MODE = wholemodule;
				SWIFT_OPTIMIZATION_LEVEL = "-O";
				VALIDATE_PRODUCT = YES;
			};
			name = Release;
		};
		073F6B6C2A30A26900DCF956 /* Debug */ = {
			isa = XCBuildConfiguration;
			buildSettings = {
				ASSETCATALOG_COMPILER_APPICON_NAME = AppIcon;
				ASSETCATALOG_COMPILER_GLOBAL_ACCENT_COLOR_NAME = AccentColor;
				CODE_SIGN_STYLE = Automatic;
				CURRENT_PROJECT_VERSION = 1;
				DEVELOPMENT_ASSET_PATHS = "\"GreenGarden/Preview Content\"";
				DEVELOPMENT_TEAM = H7MDDDPC4H;
				ENABLE_PREVIEWS = YES;
				GENERATE_INFOPLIST_FILE = YES;
				INFOPLIST_FILE = GreenGarden/Info.plist;
				INFOPLIST_KEY_UIApplicationSceneManifest_Generation = YES;
				INFOPLIST_KEY_UIApplicationSupportsIndirectInputEvents = YES;
				INFOPLIST_KEY_UILaunchScreen_Generation = YES;
				INFOPLIST_KEY_UISupportedInterfaceOrientations_iPad = "UIInterfaceOrientationPortrait UIInterfaceOrientationPortraitUpsideDown UIInterfaceOrientationLandscapeLeft UIInterfaceOrientationLandscapeRight";
				INFOPLIST_KEY_UISupportedInterfaceOrientations_iPhone = "UIInterfaceOrientationPortrait UIInterfaceOrientationLandscapeLeft UIInterfaceOrientationLandscapeRight";
				LD_RUNPATH_SEARCH_PATHS = (
					"$(inherited)",
					"@executable_path/Frameworks",
				);
				MARKETING_VERSION = 1.0;
				PRODUCT_BUNDLE_IDENTIFIER = com.eric.GreenGarden;
				PRODUCT_NAME = "$(TARGET_NAME)";
				SWIFT_EMIT_LOC_STRINGS = YES;
				SWIFT_VERSION = 5.0;
				TARGETED_DEVICE_FAMILY = "1,2";
			};
			name = Debug;
		};
		073F6B6D2A30A26900DCF956 /* Release */ = {
			isa = XCBuildConfiguration;
			buildSettings = {
				ASSETCATALOG_COMPILER_APPICON_NAME = AppIcon;
				ASSETCATALOG_COMPILER_GLOBAL_ACCENT_COLOR_NAME = AccentColor;
				CODE_SIGN_STYLE = Automatic;
				CURRENT_PROJECT_VERSION = 1;
				DEVELOPMENT_ASSET_PATHS = "\"GreenGarden/Preview Content\"";
				DEVELOPMENT_TEAM = H7MDDDPC4H;
				ENABLE_PREVIEWS = YES;
				GENERATE_INFOPLIST_FILE = YES;
				INFOPLIST_FILE = GreenGarden/Info.plist;
				INFOPLIST_KEY_UIApplicationSceneManifest_Generation = YES;
				INFOPLIST_KEY_UIApplicationSupportsIndirectInputEvents = YES;
				INFOPLIST_KEY_UILaunchScreen_Generation = YES;
				INFOPLIST_KEY_UISupportedInterfaceOrientations_iPad = "UIInterfaceOrientationPortrait UIInterfaceOrientationPortraitUpsideDown UIInterfaceOrientationLandscapeLeft UIInterfaceOrientationLandscapeRight";
				INFOPLIST_KEY_UISupportedInterfaceOrientations_iPhone = "UIInterfaceOrientationPortrait UIInterfaceOrientationLandscapeLeft UIInterfaceOrientationLandscapeRight";
				LD_RUNPATH_SEARCH_PATHS = (
					"$(inherited)",
					"@executable_path/Frameworks",
				);
				MARKETING_VERSION = 1.0;
				PRODUCT_BUNDLE_IDENTIFIER = com.eric.GreenGarden;
				PRODUCT_NAME = "$(TARGET_NAME)";
				SWIFT_EMIT_LOC_STRINGS = YES;
				SWIFT_VERSION = 5.0;
				TARGETED_DEVICE_FAMILY = "1,2";
			};
			name = Release;
		};
/* End XCBuildConfiguration section */

/* Begin XCConfigurationList section */
		073F6B582A30A26700DCF956 /* Build configuration list for PBXProject "GreenGarden" */ = {
			isa = XCConfigurationList;
			buildConfigurations = (
				073F6B692A30A26900DCF956 /* Debug */,
				073F6B6A2A30A26900DCF956 /* Release */,
			);
			defaultConfigurationIsVisible = 0;
			defaultConfigurationName = Release;
		};
		073F6B6B2A30A26900DCF956 /* Build configuration list for PBXNativeTarget "GreenGarden" */ = {
			isa = XCConfigurationList;
			buildConfigurations = (
				073F6B6C2A30A26900DCF956 /* Debug */,
				073F6B6D2A30A26900DCF956 /* Release */,
			);
			defaultConfigurationIsVisible = 0;
			defaultConfigurationName = Release;
		};
/* End XCConfigurationList section */
	};
	rootObject = 073F6B552A30A26700DCF956 /* Project object */;
}
